<?xml version="1.0" encoding="utf-8"?>
<Project ToolsVersion="4.0" xmlns="http://schemas.microsoft.com/developer/msbuild/2003">
  <ItemGroup>
    <ClCompile Include="..\..\TeleportClient\ClientPipeline.cpp">
      <Filter>Source Files</Filter>
    </ClCompile>
    <ClCompile Include="..\..\TeleportClient\ClientDeviceState.cpp">
      <Filter>Source Files</Filter>
    </ClCompile>
    <ClCompile Include="..\..\TeleportClient\Config.cpp">
      <Filter>Source Files</Filter>
    </ClCompile>
    <ClCompile Include="..\..\TeleportClient\DiscoveryService.cpp">
      <Filter>Source Files</Filter>
    </ClCompile>
    <ClCompile Include="..\..\TeleportClient\Log.cpp">
      <Filter>Source Files</Filter>
    </ClCompile>
    <ClCompile Include="..\..\TeleportClient\OpenXR.cpp">
      <Filter>Source Files</Filter>
    </ClCompile>
    <ClCompile Include="..\..\TeleportClient\ServerTimestamp.cpp">
      <Filter>Source Files</Filter>
    </ClCompile>
    <ClCompile Include="..\..\TeleportClient\SessionClient.cpp">
      <Filter>Source Files</Filter>
    </ClCompile>
    <ClCompile Include="..\..\TeleportClient\ClientTime.cpp">
      <Filter>Source Files</Filter>
    </ClCompile>
    <ClCompile Include="..\..\TeleportClient\OpenXRRenderModel.cpp" />
  </ItemGroup>
  <ItemGroup>
    <ClInclude Include="..\..\TeleportClient\basic_linear_algebra.h">
      <Filter>Header Files</Filter>
    </ClInclude>
    <ClInclude Include="..\..\TeleportClient\ClientDeviceState.h">
      <Filter>Header Files</Filter>
    </ClInclude>
    <ClInclude Include="..\..\TeleportClient\ClientPipeline.h">
      <Filter>Header Files</Filter>
    </ClInclude>
    <ClInclude Include="..\..\TeleportClient\Config.h">
      <Filter>Header Files</Filter>
    </ClInclude>
    <ClInclude Include="..\..\TeleportClient\DiscoveryService.h">
      <Filter>Header Files</Filter>
    </ClInclude>
    <ClInclude Include="..\..\TeleportClient\Log.h">
      <Filter>Header Files</Filter>
    </ClInclude>
    <ClInclude Include="..\..\TeleportClient\OpenXR.h">
      <Filter>Header Files</Filter>
    </ClInclude>
    <ClInclude Include="..\..\TeleportClient\ServerTimestamp.h">
      <Filter>Header Files</Filter>
    </ClInclude>
    <ClInclude Include="..\..\TeleportClient\SessionClient.h">
      <Filter>Header Files</Filter>
    </ClInclude>
    <ClInclude Include="..\..\TeleportClient\ClientTime.h">
      <Filter>Header Files</Filter>
    </ClInclude>
    <ClInclude Include="..\..\TeleportClient\OpenXRRenderModel.h" />
  </ItemGroup>
  <ItemGroup>
    <Filter Include="Source Files">
      <UniqueIdentifier>{463db68b-955a-4f9f-b414-8b1814ebf618}</UniqueIdentifier>
    </Filter>
    <Filter Include="Header Files">
      <UniqueIdentifier>{2b40b158-c12b-4c80-8c7e-4be162eff701}</UniqueIdentifier>
    </Filter>
  </ItemGroup>
</Project>