<?xml version="1.0" encoding="utf-8"?>
<Project ToolsVersion="4.0" xmlns="http://schemas.microsoft.com/developer/msbuild/2003">
  <ItemGroup>
    <CustomBuild Include="../../../../firstparty/Platform/build\CMakeFiles\c6f6e28e772831ddedf1a06887a151da\VulkanCoreShaders.rule" />
    <CustomBuild Include="../../../../firstparty\Platform\Shaders\SFX\copy.sfx">
      <Filter>Shaders</Filter>
    </CustomBuild>
    <CustomBuild Include="../../../../firstparty\Platform\Shaders\SFX\debug.sfx">
      <Filter>Shaders</Filter>
    </CustomBuild>
    <CustomBuild Include="../../../../firstparty\Platform\Shaders\SFX\font.sfx">
      <Filter>Shaders</Filter>
    </CustomBuild>
    <CustomBuild Include="../../../../firstparty\Platform\Shaders\SFX\hdr.sfx">
      <Filter>Shaders</Filter>
    </CustomBuild>
    <CustomBuild Include="../../../../firstparty\Platform\Shaders\SFX\light_probes.sfx">
      <Filter>Shaders</Filter>
    </CustomBuild>
    <CustomBuild Include="../../../../firstparty\Platform\Shaders\SFX\mip.sfx">
      <Filter>Shaders</Filter>
    </CustomBuild>
    <CustomBuild Include="../../../../firstparty\Platform\Shaders\SFX\solid.sfx">
      <Filter>Shaders</Filter>
    </CustomBuild>
    <CustomBuild Include="../../../../firstparty\Platform\Shaders\SFX\sphere.sfx">
      <Filter>Shaders</Filter>
    </CustomBuild>
    <CustomBuild Include="../../../../firstparty\Platform\Shaders\SFX\spherical_harmonics.sfx">
      <Filter>Shaders</Filter>
    </CustomBuild>
    <CustomBuild Include="../../../../firstparty\Platform\ImGui\Shaders\imgui.sfx" />
  </ItemGroup>
  <ItemGroup>
    <None Include="../../../../firstparty\Platform\Vulkan\Sfx\VulkanAndroid.json" />
    <None Include="../../../../firstparty/Platform/build\Vulkan\CMakeFiles\VulkanCoreShaders" />
    <None Include="../../../../firstparty\Platform\Vulkan\Sfx\shader_platform.sl">
      <Filter>Shader Includes</Filter>
    </None>
    <None Include="../../../../firstparty\Platform/CrossPlatform/Shaders\CppSl.sl" />
    <None Include="../../../../firstparty\Platform/CrossPlatform/Shaders\brdf.sl" />
    <None Include="../../../../firstparty\Platform/CrossPlatform/Shaders\camera_constants.sl" />
    <None Include="../../../../firstparty\Platform/CrossPlatform/Shaders\colour_packing.sl" />
    <None Include="../../../../firstparty\Platform/CrossPlatform/Shaders\common.sl" />
    <None Include="../../../../firstparty\Platform/CrossPlatform/Shaders\cubemap_matrices.sl" />
    <None Include="../../../../firstparty\Platform/CrossPlatform/Shaders\debug_constants.sl" />
    <None Include="../../../../firstparty\Platform/CrossPlatform/Shaders\depth.sl" />
    <None Include="../../../../firstparty\Platform/CrossPlatform/Shaders\hdr_constants.sl" />
    <None Include="../../../../firstparty\Platform/CrossPlatform/Shaders\image_constants.sl" />
    <None Include="../../../../firstparty\Platform/CrossPlatform/Shaders\light_probe_constants.sl" />
    <None Include="../../../../firstparty\Platform/CrossPlatform/Shaders\noise.sl" />
    <None Include="../../../../firstparty\Platform/CrossPlatform/Shaders\quaternion.sl" />
    <None Include="../../../../firstparty\Platform/CrossPlatform/Shaders\raytracing.sl" />
    <None Include="../../../../firstparty\Platform/CrossPlatform/Shaders\raytracing_constants.sl" />
    <None Include="../../../../firstparty\Platform/CrossPlatform/Shaders\render_states.sl" />
    <None Include="../../../../firstparty\Platform/CrossPlatform/Shaders\sampler_states.sl" />
    <None Include="../../../../firstparty\Platform/CrossPlatform/Shaders\solid_constants.sl" />
    <None Include="../../../../firstparty\Platform/CrossPlatform/Shaders\sphere_constants.sl" />
    <None Include="../../../../firstparty\Platform/CrossPlatform/Shaders\spherical_harmonics.sl" />
    <None Include="../../../../firstparty\Platform/CrossPlatform/Shaders\spherical_harmonics_constants.sl" />
    <None Include="../../../../firstparty\Platform/CrossPlatform/Shaders\text_constants.sl" />
  </ItemGroup>
  <ItemGroup>
    <Filter Include="Shader Includes">
      <UniqueIdentifier>{10d27e19-9adc-46c1-b5b4-194a0aa3e76a}</UniqueIdentifier>
    </Filter>
    <Filter Include="Shaders">
      <UniqueIdentifier>{ce90b369-f0e1-4373-a8d0-a44bdc0f2015}</UniqueIdentifier>
    </Filter>
  </ItemGroup>
</Project>