<?xml version="1.0" encoding="utf-8"?>
<Project ToolsVersion="4.0" xmlns="http://schemas.microsoft.com/developer/msbuild/2003">
  <ItemGroup>
    <ClCompile Include="..\..\TeleportCore\TeleportCore.cpp">
      <Filter>Source Files</Filter>
    </ClCompile>
    <ClCompile Include="..\..\TeleportCore\ErrorHandling.cpp">
      <Filter>Source Files</Filter>
    </ClCompile>
    <ClCompile Include="..\..\TeleportCore\Input.cpp">
      <Filter>Source Files</Filter>
    </ClCompile>
    <ClCompile Include="..\..\TeleportCore\FontAtlas.cpp">
      <Filter>Source Files</Filter>
    </ClCompile>
    <ClCompile Include="..\..\TeleportCore\URLParser.cpp">
      <Filter>Source Files</Filter>
    </ClCompile>
    <ClCompile Include="..\..\TeleportCore\DecodeMesh.cpp" />
    <ClCompile Include="..\..\TeleportCore\Time.cpp" />
    <ClCompile Include="..\..\TeleportCore\Test.cpp" />
  </ItemGroup>
  <ItemGroup>
    <ClInclude Include="..\..\TeleportCore\ErrorHandling.h">
      <Filter>Header Files</Filter>
    </ClInclude>
    <ClInclude Include="..\..\TeleportCore\Input.h">
      <Filter>Header Files</Filter>
    </ClInclude>
    <ClInclude Include="..\..\TeleportCore\TeleportUtility.h">
      <Filter>Header Files</Filter>
    </ClInclude>
    <ClInclude Include="..\..\TeleportCore\CommonNetworking.h">
      <Filter>Header Files</Filter>
    </ClInclude>
    <ClInclude Include="..\..\TeleportCore\FontAtlas.h">
      <Filter>Header Files</Filter>
    </ClInclude>
    <ClInclude Include="..\..\TeleportCore\TextCanvas.h">
      <Filter>Header Files</Filter>
    </ClInclude>
    <ClInclude Include="..\..\TeleportCore\URLParser.h">
      <Filter>Header Files</Filter>
    </ClInclude>
    <ClInclude Include="..\..\TeleportCore\DecodeMesh.h" />
    <ClInclude Include="..\..\TeleportCore\Logging.h" />
    <ClInclude Include="..\..\TeleportCore\Profiling.h" />
    <ClInclude Include="..\..\TeleportCore\Protocol.h" />
    <ClInclude Include="..\..\TeleportCore\ResourceStreams.h" />
    <ClInclude Include="..\..\TeleportCore\StringFunctions.h" />
    <ClInclude Include="..\..\TeleportCore\Threads.h" />
    <ClInclude Include="..\..\TeleportCore\Time.h" />
  </ItemGroup>
  <ItemGroup>
    <Filter Include="Source Files">
      <UniqueIdentifier>{97ed65f1-cbf5-4b2b-884e-b9f0a9f98c46}</UniqueIdentifier>
    </Filter>
    <Filter Include="Header Files">
      <UniqueIdentifier>{6c1cdc69-9ea5-48b3-ab93-7c68d89f9dd0}</UniqueIdentifier>
    </Filter>
  </ItemGroup>
</Project>