
Microsoft Visual Studio Solution File, Format Version 12.00
# Visual Studio Version 17
VisualStudioVersion = 17.0.32014.148
MinimumVisualStudioVersion = 10.0.40219.1
Project("{2150E333-8FDC-42A3-9474-1A3956D46DE8}") = "Platform", "Platform", "{F44D62DC-8B9C-4E4B-86C6-016818F74F23}"
EndProject
Project("{2150E333-8FDC-42A3-9474-1A3956D46DE8}") = "Shaders", "Shaders", "{7A06CD57-BB62-4E54-A303-92A59B9DA86A}"
EndProject
Project("{2150E333-8FDC-42A3-9474-1A3956D46DE8}") = "Static", "Static", "{48ACF1D8-8751-41E4-B8B9-3C1737896D80}"
EndProject
Project("{2150E333-8FDC-42A3-9474-1A3956D46DE8}") = "Dynamic", "Dynamic", "{2B2B79E9-E4F1-49FE-A1AB-F98479FD6241}"
EndProject
Project("{2150E333-8FDC-42A3-9474-1A3956D46DE8}") = "Applications", "Applications", "{93C8F41F-9A3E-4E5B-BCA4-1AC7AB72CDE1}"
EndProject
Project("{8BC9CEB8-8B4A-11D0-8D11-00A0C91BC942}") = "Core_MT", "firstparty\Platform\Core\Core_MT.vcxproj", "{2AEEA882-1607-34B2-8811-C9E5C2F1B003}"
EndProject
Project("{8BC9CEB8-8B4A-11D0-8D11-00A0C91BC942}") = "SimulMath_MT", "firstparty\Platform\Math\SimulMath_MT.vcxproj", "{41285B5B-2BC3-39CA-B4E8-9F3EC5D68053}"
EndProject
Project("{8BC9CEB8-8B4A-11D0-8D11-00A0C91BC942}") = "SimulCrossPlatform_MT", "firstparty\Platform\CrossPlatform\SimulCrossPlatform_MT.vcxproj", "{160ADC84-9B1C-3598-A176-5EB52CECB5B1}"
EndProject
Project("{8BC9CEB8-8B4A-11D0-8D11-00A0C91BC942}") = "VulkanCoreShaders", "firstparty\Platform\Vulkan\VulkanCoreShaders.vcxproj", "{D023754D-FF4E-36BD-8630-FD0581B1B55D}"
EndProject
Project("{8BC9CEB8-8B4A-11D0-8D11-00A0C91BC942}") = "SimulVulkan_MT", "firstparty\Platform\Vulkan\SimulVulkan_MT.vcxproj", "{97036138-28ED-340A-82BF-867C6D8F0330}"
EndProject
Project("{8BC9CEB8-8B4A-11D0-8D11-00A0C91BC942}") = "TeleportCore_Android", "TeleportCore\TeleportCore_Android.vcxproj", "{C5385FFA-B456-40F0-B0C7-3397A7FEFE42}"
EndProject
Project("{8BC9CEB8-8B4A-11D0-8D11-00A0C91BC942}") = "libavstream_Android", "libavstream\libavstream_Android.vcxproj", "{6F52B627-C756-44DD-AE24-A9370C3DBDDC}"
EndProject
Project("{8BC9CEB8-8B4A-11D0-8D11-00A0C91BC942}") = "Teleport_Client_Android", "TeleportClient\TeleportClient_Android.vcxproj", "{07E69BB7-5A19-4A53-AD74-5E841A897E70}"
EndProject
Project("{2150E333-8FDC-42A3-9474-1A3956D46DE8}") = "External", "External", "{A0A7B7B9-6298-4643-A97B-56C9EE57F604}"
EndProject
Project("{8BC9CEB8-8B4A-11D0-8D11-00A0C91BC942}") = "fmt", "firstparty\Platform\External\fmt\fmt.vcxproj", "{A0950608-B6B3-4C21-AD2B-F1FDDA03EADC}"
EndProject
Project("{2150E333-8FDC-42A3-9474-1A3956D46DE8}") = "thirdparty", "thirdparty", "{EAF8894D-7418-41AC-B3BB-8C64AEAB8D08}"
EndProject
Project("{8BC9CEB8-8B4A-11D0-8D11-00A0C91BC942}") = "ClientRender_Android", "ClientRender\ClientRender_Android.vcxproj", "{E60416E1-F881-4E0B-8459-488A21C53030}"
EndProject
Project("{8BC9CEB8-8B4A-11D0-8D11-00A0C91BC942}") = "TeleportVRClient", "AndroidClient\TeleportVRQuestClientAGDE.vcxproj", "{820723D2-2241-4784-A775-EC5A36833A2E}"
EndProject
Project("{8BC9CEB8-8B4A-11D0-8D11-00A0C91BC942}") = "basis_universal", "thirdparty\basis_universal\basis_universal.vcxproj", "{E6ABE220-7EEF-47A3-8F2A-A63F6CA816A2}"
EndProject
Project("{8BC9CEB8-8B4A-11D0-8D11-00A0C91BC942}") = "draco", "thirdparty\draco\draco.vcxproj", "{45561321-F023-4C8A-9EDC-7C721C2DA8B5}"
EndProject
Project("{8BC9CEB8-8B4A-11D0-8D11-00A0C91BC942}") = "TeleportAudio_Android", "TeleportAudio\TeleportAudio_Android.vcxproj", "{523B3DDB-C733-4E4B-B2B7-87E79DFB72A9}"
EndProject
Project("{8BC9CEB8-8B4A-11D0-8D11-00A0C91BC942}") = "ImGui_Android", "firstparty\Platform\ImGui\ImGui_Android.vcxproj", "{98612DAE-FC43-4146-8D41-2AFCC8C980F6}"
EndProject
Project("{2150E333-8FDC-42A3-9474-1A3956D46DE8}") = "srt", "srt", "{57310F80-E08C-47C1-96DE-DCBEBC9E9CDD}"
EndProject
Project("{8BC9CEB8-8B4A-11D0-8D11-00A0C91BC942}") = "srt", "thirdparty\srt\srt.vcxproj", "{7896C533-757F-4B1A-A4AE-7689F56D00AF}"
EndProject
Project("{2150E333-8FDC-42A3-9474-1A3956D46DE8}") = "drac", "drac", "{F8F3F015-1DC9-48F9-9129-314C0370FA08}"
EndProject
Project("{2150E333-8FDC-42A3-9474-1A3956D46DE8}") = "basis", "basis", "{C840CFF8-AFF8-44DF-8A1D-4860268B5A87}"
EndProject
Project("{2150E333-8FDC-42A3-9474-1A3956D46DE8}") = "libavstream", "libavstream", "{70177196-9EE1-4877-8A5F-0579BE9621A9}"
EndProject
Project("{2150E333-8FDC-42A3-9474-1A3956D46DE8}") = "thirdparty", "thirdparty", "{43263C14-BEEF-428F-BC85-9FEEF0DC485D}"
EndProject
Project("{8BC9CEB8-8B4A-11D0-8D11-00A0C91BC942}") = "curl", "libavstream\thirdparty\curl\curl.vcxproj", "{D8E16B11-F6CD-4B54-945C-C6FF21E842F3}"
EndProject
Project("{8BC9CEB8-8B4A-11D0-8D11-00A0C91BC942}") = "efp", "libavstream\thirdparty\efp\efp.vcxproj", "{965373D9-B298-463F-A523-B5E046F8D402}"
EndProject
Project("{2150E333-8FDC-42A3-9474-1A3956D46DE8}") = "Shaders", "Shaders", "{BDB73F72-F567-494E-AE89-C0444A57ED56}"
EndProject
Project("{8BC9CEB8-8B4A-11D0-8D11-00A0C91BC942}") = "VulkanShaders", "client\Shaders\Vulkan\VulkanShaders.vcxproj", "{4C406386-CE91-3AC0-8C4E-E119E47334EF}"
EndProject
Project("{8BC9CEB8-8B4A-11D0-8D11-00A0C91BC942}") = "Sfx", "..\build_pc_client\firstparty\Platform\Applications\Sfx\Sfx.vcxproj", "{3D42A6D5-353A-3FCE-A97A-4DA5FC90AC90}"
EndProject
Project("{8BC9CEB8-8B4A-11D0-8D11-00A0C91BC942}") = "ktx", "thirdparty\ktx\ktx.vcxproj", "{22A6A42B-F2BB-4324-8866-4D7E74D40C66}"
EndProject
Global
	GlobalSection(SolutionConfigurationPlatforms) = preSolution
		Debug|Android-arm64-v8a = Debug|Android-arm64-v8a
		Debug|x64 = Debug|x64
		Release|Android-arm64-v8a = Release|Android-arm64-v8a
		Release|x64 = Release|x64
	EndGlobalSection
	GlobalSection(ProjectConfigurationPlatforms) = postSolution
		{2AEEA882-1607-34B2-8811-C9E5C2F1B003}.Debug|Android-arm64-v8a.ActiveCfg = Debug|Android-arm64-v8a
		{2AEEA882-1607-34B2-8811-C9E5C2F1B003}.Debug|Android-arm64-v8a.Build.0 = Debug|Android-arm64-v8a
		{2AEEA882-1607-34B2-8811-C9E5C2F1B003}.Debug|x64.ActiveCfg = Debug|Android-arm64-v8a
		{2AEEA882-1607-34B2-8811-C9E5C2F1B003}.Debug|x64.Build.0 = Debug|Android-arm64-v8a
		{2AEEA882-1607-34B2-8811-C9E5C2F1B003}.Release|Android-arm64-v8a.ActiveCfg = Release|Android-arm64-v8a
		{2AEEA882-1607-34B2-8811-C9E5C2F1B003}.Release|Android-arm64-v8a.Build.0 = Release|Android-arm64-v8a
		{2AEEA882-1607-34B2-8811-C9E5C2F1B003}.Release|x64.ActiveCfg = Release|Android-arm64-v8a
		{2AEEA882-1607-34B2-8811-C9E5C2F1B003}.Release|x64.Build.0 = Release|Android-arm64-v8a
		{41285B5B-2BC3-39CA-B4E8-9F3EC5D68053}.Debug|Android-arm64-v8a.ActiveCfg = Debug|Android-arm64-v8a
		{41285B5B-2BC3-39CA-B4E8-9F3EC5D68053}.Debug|Android-arm64-v8a.Build.0 = Debug|Android-arm64-v8a
		{41285B5B-2BC3-39CA-B4E8-9F3EC5D68053}.Debug|x64.ActiveCfg = Debug|x64
		{41285B5B-2BC3-39CA-B4E8-9F3EC5D68053}.Debug|x64.Build.0 = Debug|x64
		{41285B5B-2BC3-39CA-B4E8-9F3EC5D68053}.Release|Android-arm64-v8a.ActiveCfg = Release|Android-arm64-v8a
		{41285B5B-2BC3-39CA-B4E8-9F3EC5D68053}.Release|Android-arm64-v8a.Build.0 = Release|Android-arm64-v8a
		{41285B5B-2BC3-39CA-B4E8-9F3EC5D68053}.Release|x64.ActiveCfg = Release|x64
		{41285B5B-2BC3-39CA-B4E8-9F3EC5D68053}.Release|x64.Build.0 = Release|x64
		{160ADC84-9B1C-3598-A176-5EB52CECB5B1}.Debug|Android-arm64-v8a.ActiveCfg = Debug|Android-arm64-v8a
		{160ADC84-9B1C-3598-A176-5EB52CECB5B1}.Debug|Android-arm64-v8a.Build.0 = Debug|Android-arm64-v8a
		{160ADC84-9B1C-3598-A176-5EB52CECB5B1}.Debug|x64.ActiveCfg = Debug|x64
		{160ADC84-9B1C-3598-A176-5EB52CECB5B1}.Debug|x64.Build.0 = Debug|x64
		{160ADC84-9B1C-3598-A176-5EB52CECB5B1}.Release|Android-arm64-v8a.ActiveCfg = Release|Android-arm64-v8a
		{160ADC84-9B1C-3598-A176-5EB52CECB5B1}.Release|Android-arm64-v8a.Build.0 = Release|Android-arm64-v8a
		{160ADC84-9B1C-3598-A176-5EB52CECB5B1}.Release|x64.ActiveCfg = Release|x64
		{160ADC84-9B1C-3598-A176-5EB52CECB5B1}.Release|x64.Build.0 = Release|x64
		{D023754D-FF4E-36BD-8630-FD0581B1B55D}.Debug|Android-arm64-v8a.ActiveCfg = Debug|x64
		{D023754D-FF4E-36BD-8630-FD0581B1B55D}.Debug|Android-arm64-v8a.Build.0 = Debug|x64
		{D023754D-FF4E-36BD-8630-FD0581B1B55D}.Debug|x64.ActiveCfg = Debug|x64
		{D023754D-FF4E-36BD-8630-FD0581B1B55D}.Debug|x64.Build.0 = Debug|x64
		{D023754D-FF4E-36BD-8630-FD0581B1B55D}.Release|Android-arm64-v8a.ActiveCfg = Release|x64
		{D023754D-FF4E-36BD-8630-FD0581B1B55D}.Release|Android-arm64-v8a.Build.0 = Release|x64
		{D023754D-FF4E-36BD-8630-FD0581B1B55D}.Release|x64.ActiveCfg = Release|x64
		{D023754D-FF4E-36BD-8630-FD0581B1B55D}.Release|x64.Build.0 = Release|x64
		{97036138-28ED-340A-82BF-867C6D8F0330}.Debug|Android-arm64-v8a.ActiveCfg = Debug|Android-arm64-v8a
		{97036138-28ED-340A-82BF-867C6D8F0330}.Debug|Android-arm64-v8a.Build.0 = Debug|Android-arm64-v8a
		{97036138-28ED-340A-82BF-867C6D8F0330}.Debug|x64.ActiveCfg = Debug|x64
		{97036138-28ED-340A-82BF-867C6D8F0330}.Debug|x64.Build.0 = Debug|x64
		{97036138-28ED-340A-82BF-867C6D8F0330}.Release|Android-arm64-v8a.ActiveCfg = Release|Android-arm64-v8a
		{97036138-28ED-340A-82BF-867C6D8F0330}.Release|Android-arm64-v8a.Build.0 = Release|Android-arm64-v8a
		{97036138-28ED-340A-82BF-867C6D8F0330}.Release|x64.ActiveCfg = Release|x64
		{97036138-28ED-340A-82BF-867C6D8F0330}.Release|x64.Build.0 = Release|x64
		{C5385FFA-B456-40F0-B0C7-3397A7FEFE42}.Debug|Android-arm64-v8a.ActiveCfg = Debug|Android-arm64-v8a
		{C5385FFA-B456-40F0-B0C7-3397A7FEFE42}.Debug|Android-arm64-v8a.Build.0 = Debug|Android-arm64-v8a
		{C5385FFA-B456-40F0-B0C7-3397A7FEFE42}.Debug|x64.ActiveCfg = Debug|Android-arm64-v8a
		{C5385FFA-B456-40F0-B0C7-3397A7FEFE42}.Debug|x64.Build.0 = Debug|Android-arm64-v8a
		{C5385FFA-B456-40F0-B0C7-3397A7FEFE42}.Release|Android-arm64-v8a.ActiveCfg = Release|Android-arm64-v8a
		{C5385FFA-B456-40F0-B0C7-3397A7FEFE42}.Release|Android-arm64-v8a.Build.0 = Release|Android-arm64-v8a
		{C5385FFA-B456-40F0-B0C7-3397A7FEFE42}.Release|x64.ActiveCfg = Release|Android-arm64-v8a
		{C5385FFA-B456-40F0-B0C7-3397A7FEFE42}.Release|x64.Build.0 = Release|Android-arm64-v8a
		{6F52B627-C756-44DD-AE24-A9370C3DBDDC}.Debug|Android-arm64-v8a.ActiveCfg = Debug|Android-arm64-v8a
		{6F52B627-C756-44DD-AE24-A9370C3DBDDC}.Debug|Android-arm64-v8a.Build.0 = Debug|Android-arm64-v8a
		{6F52B627-C756-44DD-AE24-A9370C3DBDDC}.Debug|x64.ActiveCfg = Debug|Android-arm64-v8a
		{6F52B627-C756-44DD-AE24-A9370C3DBDDC}.Debug|x64.Build.0 = Debug|Android-arm64-v8a
		{6F52B627-C756-44DD-AE24-A9370C3DBDDC}.Release|Android-arm64-v8a.ActiveCfg = Release|Android-arm64-v8a
		{6F52B627-C756-44DD-AE24-A9370C3DBDDC}.Release|Android-arm64-v8a.Build.0 = Release|Android-arm64-v8a
		{6F52B627-C756-44DD-AE24-A9370C3DBDDC}.Release|x64.ActiveCfg = Release|Android-arm64-v8a
		{6F52B627-C756-44DD-AE24-A9370C3DBDDC}.Release|x64.Build.0 = Release|Android-arm64-v8a
		{07E69BB7-5A19-4A53-AD74-5E841A897E70}.Debug|Android-arm64-v8a.ActiveCfg = Debug|Android-arm64-v8a
		{07E69BB7-5A19-4A53-AD74-5E841A897E70}.Debug|Android-arm64-v8a.Build.0 = Debug|Android-arm64-v8a
		{07E69BB7-5A19-4A53-AD74-5E841A897E70}.Debug|x64.ActiveCfg = Debug|x64
		{07E69BB7-5A19-4A53-AD74-5E841A897E70}.Debug|x64.Build.0 = Debug|x64
		{07E69BB7-5A19-4A53-AD74-5E841A897E70}.Release|Android-arm64-v8a.ActiveCfg = Release|Android-arm64-v8a
		{07E69BB7-5A19-4A53-AD74-5E841A897E70}.Release|Android-arm64-v8a.Build.0 = Release|Android-arm64-v8a
		{07E69BB7-5A19-4A53-AD74-5E841A897E70}.Release|x64.ActiveCfg = Release|x64
		{07E69BB7-5A19-4A53-AD74-5E841A897E70}.Release|x64.Build.0 = Release|x64
		{A0950608-B6B3-4C21-AD2B-F1FDDA03EADC}.Debug|Android-arm64-v8a.ActiveCfg = Debug|Android-arm64-v8a
		{A0950608-B6B3-4C21-AD2B-F1FDDA03EADC}.Debug|Android-arm64-v8a.Build.0 = Debug|Android-arm64-v8a
		{A0950608-B6B3-4C21-AD2B-F1FDDA03EADC}.Debug|x64.ActiveCfg = Debug|Android-arm64-v8a
		{A0950608-B6B3-4C21-AD2B-F1FDDA03EADC}.Debug|x64.Build.0 = Debug|Android-arm64-v8a
		{A0950608-B6B3-4C21-AD2B-F1FDDA03EADC}.Release|Android-arm64-v8a.ActiveCfg = Release|Android-arm64-v8a
		{A0950608-B6B3-4C21-AD2B-F1FDDA03EADC}.Release|Android-arm64-v8a.Build.0 = Release|Android-arm64-v8a
		{A0950608-B6B3-4C21-AD2B-F1FDDA03EADC}.Release|x64.ActiveCfg = Release|Android-arm64-v8a
		{A0950608-B6B3-4C21-AD2B-F1FDDA03EADC}.Release|x64.Build.0 = Release|Android-arm64-v8a
		{E60416E1-F881-4E0B-8459-488A21C53030}.Debug|Android-arm64-v8a.ActiveCfg = Debug|Android-arm64-v8a
		{E60416E1-F881-4E0B-8459-488A21C53030}.Debug|Android-arm64-v8a.Build.0 = Debug|Android-arm64-v8a
		{E60416E1-F881-4E0B-8459-488A21C53030}.Debug|x64.ActiveCfg = Debug|Android-arm64-v8a
		{E60416E1-F881-4E0B-8459-488A21C53030}.Debug|x64.Build.0 = Debug|Android-arm64-v8a
		{E60416E1-F881-4E0B-8459-488A21C53030}.Release|Android-arm64-v8a.ActiveCfg = Release|Android-arm64-v8a
		{E60416E1-F881-4E0B-8459-488A21C53030}.Release|Android-arm64-v8a.Build.0 = Release|Android-arm64-v8a
		{E60416E1-F881-4E0B-8459-488A21C53030}.Release|x64.ActiveCfg = Release|Android-arm64-v8a
		{E60416E1-F881-4E0B-8459-488A21C53030}.Release|x64.Build.0 = Release|Android-arm64-v8a
		{820723D2-2241-4784-A775-EC5A36833A2E}.Debug|Android-arm64-v8a.ActiveCfg = Debug|Android-arm64-v8a
		{820723D2-2241-4784-A775-EC5A36833A2E}.Debug|Android-arm64-v8a.Build.0 = Debug|Android-arm64-v8a
		{820723D2-2241-4784-A775-EC5A36833A2E}.Debug|x64.ActiveCfg = Debug|Android-arm64-v8a
		{820723D2-2241-4784-A775-EC5A36833A2E}.Debug|x64.Build.0 = Debug|Android-arm64-v8a
		{820723D2-2241-4784-A775-EC5A36833A2E}.Release|Android-arm64-v8a.ActiveCfg = Release|Android-arm64-v8a
		{820723D2-2241-4784-A775-EC5A36833A2E}.Release|Android-arm64-v8a.Build.0 = Release|Android-arm64-v8a
		{820723D2-2241-4784-A775-EC5A36833A2E}.Release|x64.ActiveCfg = Release|Android-arm64-v8a
		{820723D2-2241-4784-A775-EC5A36833A2E}.Release|x64.Build.0 = Release|Android-arm64-v8a
		{E6ABE220-7EEF-47A3-8F2A-A63F6CA816A2}.Debug|Android-arm64-v8a.ActiveCfg = Debug|Android-arm64-v8a
		{E6ABE220-7EEF-47A3-8F2A-A63F6CA816A2}.Debug|Android-arm64-v8a.Build.0 = Debug|Android-arm64-v8a
		{E6ABE220-7EEF-47A3-8F2A-A63F6CA816A2}.Debug|x64.ActiveCfg = Debug|Android-arm64-v8a
		{E6ABE220-7EEF-47A3-8F2A-A63F6CA816A2}.Debug|x64.Build.0 = Debug|Android-arm64-v8a
		{E6ABE220-7EEF-47A3-8F2A-A63F6CA816A2}.Release|Android-arm64-v8a.ActiveCfg = Release|Android-arm64-v8a
		{E6ABE220-7EEF-47A3-8F2A-A63F6CA816A2}.Release|Android-arm64-v8a.Build.0 = Release|Android-arm64-v8a
		{E6ABE220-7EEF-47A3-8F2A-A63F6CA816A2}.Release|x64.ActiveCfg = Release|Android-arm64-v8a
		{E6ABE220-7EEF-47A3-8F2A-A63F6CA816A2}.Release|x64.Build.0 = Release|Android-arm64-v8a
		{45561321-F023-4C8A-9EDC-7C721C2DA8B5}.Debug|Android-arm64-v8a.ActiveCfg = Debug|Android-arm64-v8a
		{45561321-F023-4C8A-9EDC-7C721C2DA8B5}.Debug|Android-arm64-v8a.Build.0 = Debug|Android-arm64-v8a
		{45561321-F023-4C8A-9EDC-7C721C2DA8B5}.Debug|x64.ActiveCfg = Debug|Android-arm64-v8a
		{45561321-F023-4C8A-9EDC-7C721C2DA8B5}.Debug|x64.Build.0 = Debug|Android-arm64-v8a
		{45561321-F023-4C8A-9EDC-7C721C2DA8B5}.Release|Android-arm64-v8a.ActiveCfg = Release|Android-arm64-v8a
		{45561321-F023-4C8A-9EDC-7C721C2DA8B5}.Release|Android-arm64-v8a.Build.0 = Release|Android-arm64-v8a
		{45561321-F023-4C8A-9EDC-7C721C2DA8B5}.Release|x64.ActiveCfg = Release|Android-arm64-v8a
		{45561321-F023-4C8A-9EDC-7C721C2DA8B5}.Release|x64.Build.0 = Release|Android-arm64-v8a
		{523B3DDB-C733-4E4B-B2B7-87E79DFB72A9}.Debug|Android-arm64-v8a.ActiveCfg = Debug|Android-arm64-v8a
		{523B3DDB-C733-4E4B-B2B7-87E79DFB72A9}.Debug|Android-arm64-v8a.Build.0 = Debug|Android-arm64-v8a
		{523B3DDB-C733-4E4B-B2B7-87E79DFB72A9}.Debug|x64.ActiveCfg = Debug|x64
		{523B3DDB-C733-4E4B-B2B7-87E79DFB72A9}.Debug|x64.Build.0 = Debug|x64
		{523B3DDB-C733-4E4B-B2B7-87E79DFB72A9}.Release|Android-arm64-v8a.ActiveCfg = Release|Android-arm64-v8a
		{523B3DDB-C733-4E4B-B2B7-87E79DFB72A9}.Release|Android-arm64-v8a.Build.0 = Release|Android-arm64-v8a
		{523B3DDB-C733-4E4B-B2B7-87E79DFB72A9}.Release|x64.ActiveCfg = Release|x64
		{523B3DDB-C733-4E4B-B2B7-87E79DFB72A9}.Release|x64.Build.0 = Release|x64
		{98612DAE-FC43-4146-8D41-2AFCC8C980F6}.Debug|Android-arm64-v8a.ActiveCfg = Debug|Android-arm64-v8a
		{98612DAE-FC43-4146-8D41-2AFCC8C980F6}.Debug|Android-arm64-v8a.Build.0 = Debug|Android-arm64-v8a
		{98612DAE-FC43-4146-8D41-2AFCC8C980F6}.Debug|x64.ActiveCfg = Debug|Android-arm64-v8a
		{98612DAE-FC43-4146-8D41-2AFCC8C980F6}.Debug|x64.Build.0 = Debug|Android-arm64-v8a
		{98612DAE-FC43-4146-8D41-2AFCC8C980F6}.Release|Android-arm64-v8a.ActiveCfg = Release|Android-arm64-v8a
		{98612DAE-FC43-4146-8D41-2AFCC8C980F6}.Release|Android-arm64-v8a.Build.0 = Release|Android-arm64-v8a
		{98612DAE-FC43-4146-8D41-2AFCC8C980F6}.Release|x64.ActiveCfg = Release|Android-arm64-v8a
		{98612DAE-FC43-4146-8D41-2AFCC8C980F6}.Release|x64.Build.0 = Release|Android-arm64-v8a
		{7896C533-757F-4B1A-A4AE-7689F56D00AF}.Debug|Android-arm64-v8a.ActiveCfg = Debug|Android-arm64-v8a
		{7896C533-757F-4B1A-A4AE-7689F56D00AF}.Debug|Android-arm64-v8a.Build.0 = Debug|Android-arm64-v8a
		{7896C533-757F-4B1A-A4AE-7689F56D00AF}.Debug|x64.ActiveCfg = Debug|x64
		{7896C533-757F-4B1A-A4AE-7689F56D00AF}.Debug|x64.Build.0 = Debug|x64
		{7896C533-757F-4B1A-A4AE-7689F56D00AF}.Release|Android-arm64-v8a.ActiveCfg = Release|Android-arm64-v8a
		{7896C533-757F-4B1A-A4AE-7689F56D00AF}.Release|Android-arm64-v8a.Build.0 = Release|Android-arm64-v8a
		{7896C533-757F-4B1A-A4AE-7689F56D00AF}.Release|x64.ActiveCfg = Release|x64
		{7896C533-757F-4B1A-A4AE-7689F56D00AF}.Release|x64.Build.0 = Release|x64
		{D8E16B11-F6CD-4B54-945C-C6FF21E842F3}.Debug|Android-arm64-v8a.ActiveCfg = Debug|Android-arm64-v8a
		{D8E16B11-F6CD-4B54-945C-C6FF21E842F3}.Debug|Android-arm64-v8a.Build.0 = Debug|Android-arm64-v8a
		{D8E16B11-F6CD-4B54-945C-C6FF21E842F3}.Debug|x64.ActiveCfg = Debug|Android-arm64-v8a
		{D8E16B11-F6CD-4B54-945C-C6FF21E842F3}.Debug|x64.Build.0 = Debug|Android-arm64-v8a
		{D8E16B11-F6CD-4B54-945C-C6FF21E842F3}.Release|Android-arm64-v8a.ActiveCfg = Release|Android-arm64-v8a
		{D8E16B11-F6CD-4B54-945C-C6FF21E842F3}.Release|Android-arm64-v8a.Build.0 = Release|Android-arm64-v8a
		{D8E16B11-F6CD-4B54-945C-C6FF21E842F3}.Release|x64.ActiveCfg = Release|Android-arm64-v8a
		{D8E16B11-F6CD-4B54-945C-C6FF21E842F3}.Release|x64.Build.0 = Release|Android-arm64-v8a
		{965373D9-B298-463F-A523-B5E046F8D402}.Debug|Android-arm64-v8a.ActiveCfg = Debug|Android-arm64-v8a
		{965373D9-B298-463F-A523-B5E046F8D402}.Debug|Android-arm64-v8a.Build.0 = Debug|Android-arm64-v8a
		{965373D9-B298-463F-A523-B5E046F8D402}.Debug|x64.ActiveCfg = Debug|Android-arm64-v8a
		{965373D9-B298-463F-A523-B5E046F8D402}.Debug|x64.Build.0 = Debug|Android-arm64-v8a
		{965373D9-B298-463F-A523-B5E046F8D402}.Release|Android-arm64-v8a.ActiveCfg = Release|Android-arm64-v8a
		{965373D9-B298-463F-A523-B5E046F8D402}.Release|Android-arm64-v8a.Build.0 = Release|Android-arm64-v8a
		{965373D9-B298-463F-A523-B5E046F8D402}.Release|x64.ActiveCfg = Release|Android-arm64-v8a
		{965373D9-B298-463F-A523-B5E046F8D402}.Release|x64.Build.0 = Release|Android-arm64-v8a
		{4C406386-CE91-3AC0-8C4E-E119E47334EF}.Debug|Android-arm64-v8a.ActiveCfg = Release|x64
		{4C406386-CE91-3AC0-8C4E-E119E47334EF}.Debug|x64.ActiveCfg = Release|x64
		{4C406386-CE91-3AC0-8C4E-E119E47334EF}.Debug|x64.Build.0 = Release|x64
		{4C406386-CE91-3AC0-8C4E-E119E47334EF}.Release|Android-arm64-v8a.ActiveCfg = Release|x64
		{4C406386-CE91-3AC0-8C4E-E119E47334EF}.Release|Android-arm64-v8a.Build.0 = Release|x64
		{4C406386-CE91-3AC0-8C4E-E119E47334EF}.Release|x64.ActiveCfg = Release|x64
		{4C406386-CE91-3AC0-8C4E-E119E47334EF}.Release|x64.Build.0 = Release|x64
		{3D42A6D5-353A-3FCE-A97A-4DA5FC90AC90}.Debug|Android-arm64-v8a.ActiveCfg = Debug|x64
		{3D42A6D5-353A-3FCE-A97A-4DA5FC90AC90}.Debug|Android-arm64-v8a.Build.0 = Debug|x64
		{3D42A6D5-353A-3FCE-A97A-4DA5FC90AC90}.Debug|x64.ActiveCfg = Debug|x64
		{3D42A6D5-353A-3FCE-A97A-4DA5FC90AC90}.Debug|x64.Build.0 = Debug|x64
		{3D42A6D5-353A-3FCE-A97A-4DA5FC90AC90}.Release|Android-arm64-v8a.ActiveCfg = Release|x64
		{3D42A6D5-353A-3FCE-A97A-4DA5FC90AC90}.Release|Android-arm64-v8a.Build.0 = Release|x64
		{3D42A6D5-353A-3FCE-A97A-4DA5FC90AC90}.Release|x64.ActiveCfg = Release|x64
		{3D42A6D5-353A-3FCE-A97A-4DA5FC90AC90}.Release|x64.Build.0 = Release|x64
		{22A6A42B-F2BB-4324-8866-4D7E74D40C66}.Debug|Android-arm64-v8a.ActiveCfg = Debug|Android-arm64-v8a
		{22A6A42B-F2BB-4324-8866-4D7E74D40C66}.Debug|Android-arm64-v8a.Build.0 = Debug|Android-arm64-v8a
		{22A6A42B-F2BB-4324-8866-4D7E74D40C66}.Debug|x64.ActiveCfg = Debug|Android-arm64-v8a
		{22A6A42B-F2BB-4324-8866-4D7E74D40C66}.Debug|x64.Build.0 = Debug|Android-arm64-v8a
		{22A6A42B-F2BB-4324-8866-4D7E74D40C66}.Release|Android-arm64-v8a.ActiveCfg = Release|Android-arm64-v8a
		{22A6A42B-F2BB-4324-8866-4D7E74D40C66}.Release|Android-arm64-v8a.Build.0 = Release|Android-arm64-v8a
		{22A6A42B-F2BB-4324-8866-4D7E74D40C66}.Release|x64.ActiveCfg = Release|Android-arm64-v8a
		{22A6A42B-F2BB-4324-8866-4D7E74D40C66}.Release|x64.Build.0 = Release|Android-arm64-v8a
	EndGlobalSection
	GlobalSection(SolutionProperties) = preSolution
		HideSolutionNode = FALSE
	EndGlobalSection
	GlobalSection(NestedProjects) = preSolution
		{7A06CD57-BB62-4E54-A303-92A59B9DA86A} = {F44D62DC-8B9C-4E4B-86C6-016818F74F23}
		{48ACF1D8-8751-41E4-B8B9-3C1737896D80} = {F44D62DC-8B9C-4E4B-86C6-016818F74F23}
		{2B2B79E9-E4F1-49FE-A1AB-F98479FD6241} = {F44D62DC-8B9C-4E4B-86C6-016818F74F23}
		{93C8F41F-9A3E-4E5B-BCA4-1AC7AB72CDE1} = {2B2B79E9-E4F1-49FE-A1AB-F98479FD6241}
		{2AEEA882-1607-34B2-8811-C9E5C2F1B003} = {48ACF1D8-8751-41E4-B8B9-3C1737896D80}
		{41285B5B-2BC3-39CA-B4E8-9F3EC5D68053} = {48ACF1D8-8751-41E4-B8B9-3C1737896D80}
		{160ADC84-9B1C-3598-A176-5EB52CECB5B1} = {48ACF1D8-8751-41E4-B8B9-3C1737896D80}
		{D023754D-FF4E-36BD-8630-FD0581B1B55D} = {7A06CD57-BB62-4E54-A303-92A59B9DA86A}
		{97036138-28ED-340A-82BF-867C6D8F0330} = {48ACF1D8-8751-41E4-B8B9-3C1737896D80}
		{6F52B627-C756-44DD-AE24-A9370C3DBDDC} = {70177196-9EE1-4877-8A5F-0579BE9621A9}
		{A0A7B7B9-6298-4643-A97B-56C9EE57F604} = {F44D62DC-8B9C-4E4B-86C6-016818F74F23}
		{A0950608-B6B3-4C21-AD2B-F1FDDA03EADC} = {A0A7B7B9-6298-4643-A97B-56C9EE57F604}
		{E6ABE220-7EEF-47A3-8F2A-A63F6CA816A2} = {C840CFF8-AFF8-44DF-8A1D-4860268B5A87}
		{45561321-F023-4C8A-9EDC-7C721C2DA8B5} = {F8F3F015-1DC9-48F9-9129-314C0370FA08}
		{98612DAE-FC43-4146-8D41-2AFCC8C980F6} = {48ACF1D8-8751-41E4-B8B9-3C1737896D80}
		{57310F80-E08C-47C1-96DE-DCBEBC9E9CDD} = {EAF8894D-7418-41AC-B3BB-8C64AEAB8D08}
		{7896C533-757F-4B1A-A4AE-7689F56D00AF} = {57310F80-E08C-47C1-96DE-DCBEBC9E9CDD}
		{F8F3F015-1DC9-48F9-9129-314C0370FA08} = {EAF8894D-7418-41AC-B3BB-8C64AEAB8D08}
		{C840CFF8-AFF8-44DF-8A1D-4860268B5A87} = {EAF8894D-7418-41AC-B3BB-8C64AEAB8D08}
		{43263C14-BEEF-428F-BC85-9FEEF0DC485D} = {70177196-9EE1-4877-8A5F-0579BE9621A9}
		{D8E16B11-F6CD-4B54-945C-C6FF21E842F3} = {43263C14-BEEF-428F-BC85-9FEEF0DC485D}
		{965373D9-B298-463F-A523-B5E046F8D402} = {43263C14-BEEF-428F-BC85-9FEEF0DC485D}
		{4C406386-CE91-3AC0-8C4E-E119E47334EF} = {BDB73F72-F567-494E-AE89-C0444A57ED56}
		{3D42A6D5-353A-3FCE-A97A-4DA5FC90AC90} = {93C8F41F-9A3E-4E5B-BCA4-1AC7AB72CDE1}
		{22A6A42B-F2BB-4324-8866-4D7E74D40C66} = {EAF8894D-7418-41AC-B3BB-8C64AEAB8D08}
	EndGlobalSection
	GlobalSection(ExtensibilityGlobals) = postSolution
		SolutionGuid = {AA27821A-B243-4828-B197-11884857C085}
	EndGlobalSection
EndGlobal
