<?xml version="1.0" encoding="utf-8"?>
<Project ToolsVersion="4.0" xmlns="http://schemas.microsoft.com/developer/msbuild/2003">
  <ItemGroup>
    <Filter Include="Source Files">
      <UniqueIdentifier>{4FC737F1-C7A5-4376-A066-2A32D752A2FF}</UniqueIdentifier>
      <Extensions>cpp;c;cc;cxx;c++;cppm;ixx;def;odl;idl;hpj;bat;asm;asmx</Extensions>
    </Filter>
    <Filter Include="Header Files">
      <UniqueIdentifier>{93995380-89BD-4b04-88EB-625FBE52EBFB}</UniqueIdentifier>
      <Extensions>h;hh;hpp;hxx;h++;hm;inl;inc;ipp;xsd</Extensions>
    </Filter>
    <Filter Include="Resource Files">
      <UniqueIdentifier>{67DA6AB6-F800-4c08-8B7A-83BB121AAD01}</UniqueIdentifier>
      <Extensions>rc;ico;cur;bmp;dlg;rc2;rct;bin;rgs;gif;jpg;jpeg;jpe;resx;tiff;tif;png;wav;mfcribbon-ms</Extensions>
    </Filter>
    <Filter Include="AndroidPackaging">
      <UniqueIdentifier>{8472190a-08d0-46fc-be12-41a4475c5a9d}</UniqueIdentifier>
    </Filter>
    <Filter Include="AndroidPackaging\gradle">
      <UniqueIdentifier>{9613d3b2-5261-43db-aeb0-4d0dde6c40b3}</UniqueIdentifier>
    </Filter>
    <Filter Include="AndroidPackaging\gradle\wrapper">
      <UniqueIdentifier>{6aaa8815-0975-44d6-ac1f-ab0614501faa}</UniqueIdentifier>
    </Filter>
    <Filter Include="AndroidPackaging\app">
      <UniqueIdentifier>{7e9de09e-d42d-4fee-ae78-82925b222c28}</UniqueIdentifier>
    </Filter>
    <Filter Include="AndroidPackaging\app\src">
      <UniqueIdentifier>{503284dc-e981-4def-aa47-1b38886ae815}</UniqueIdentifier>
    </Filter>
    <Filter Include="AndroidPackaging\app\src\androidTest">
      <UniqueIdentifier>{7b8c671b-33f6-4504-9124-52f25c8fa8fb}</UniqueIdentifier>
    </Filter>
    <Filter Include="AndroidPackaging\app\src\androidTest\java">
      <UniqueIdentifier>{ad831eb4-efb8-4f66-b881-3c3f82e38ed0}</UniqueIdentifier>
    </Filter>
    <Filter Include="AndroidPackaging\app\src\androidTest\java\com">
      <UniqueIdentifier>{82d7aa55-efcf-4599-ae77-777667809ff3}</UniqueIdentifier>
    </Filter>
    <Filter Include="AndroidPackaging\app\src\androidTest\java\com\example">
      <UniqueIdentifier>{09a8d5aa-e3a8-4710-8b0d-f3d0029d324c}</UniqueIdentifier>
    </Filter>
    <Filter Include="AndroidPackaging\app\src\androidTest\java\com\example\teleportvrquestclientagde">
      <UniqueIdentifier>{d2a8f1c2-5070-410d-bacd-bd850dea3eff}</UniqueIdentifier>
    </Filter>
    <Filter Include="AndroidPackaging\app\src\main">
      <UniqueIdentifier>{f91a41d8-aacd-4c0e-9f4c-8bdaabc0406c}</UniqueIdentifier>
    </Filter>
    <Filter Include="AndroidPackaging\app\src\main\cpp">
      <UniqueIdentifier>{fb4d4cdf-5c57-4fe0-a878-6e2a6d1ebb45}</UniqueIdentifier>
    </Filter>
    <Filter Include="AndroidPackaging\app\src\main\java">
      <UniqueIdentifier>{51fae26a-99d9-4c8a-ae6c-233e7ca62eec}</UniqueIdentifier>
    </Filter>
    <Filter Include="AndroidPackaging\app\src\main\java\com">
      <UniqueIdentifier>{7635f0f5-def7-4899-aabb-f0bd91c04fb8}</UniqueIdentifier>
    </Filter>
    <Filter Include="AndroidPackaging\app\src\main\java\com\example">
      <UniqueIdentifier>{177f2440-ff14-4d4d-bad9-3a2d137ca720}</UniqueIdentifier>
    </Filter>
    <Filter Include="AndroidPackaging\app\src\main\java\com\example\teleportvrquestclientagde">
      <UniqueIdentifier>{65e7fbe0-f0c2-490f-9bcc-afa72df419e9}</UniqueIdentifier>
    </Filter>
    <Filter Include="AndroidPackaging\app\src\main\res">
      <UniqueIdentifier>{ed3d4950-112b-482c-86d1-28bb9004586c}</UniqueIdentifier>
    </Filter>
    <Filter Include="AndroidPackaging\app\src\main\res\drawable">
      <UniqueIdentifier>{1bc9aef6-d763-4f03-903d-049fbd990444}</UniqueIdentifier>
    </Filter>
    <Filter Include="AndroidPackaging\app\src\main\res\drawable-v24">
      <UniqueIdentifier>{3a6fb58c-f98d-4337-a3d0-e1d8b0a08db1}</UniqueIdentifier>
    </Filter>
    <Filter Include="AndroidPackaging\app\src\main\res\layout">
      <UniqueIdentifier>{e74deb1b-d130-4d42-be5f-272c7b46706d}</UniqueIdentifier>
    </Filter>
    <Filter Include="AndroidPackaging\app\src\main\res\mipmap-anydpi-v26">
      <UniqueIdentifier>{f9947648-1493-4fe3-8aec-5b71b22a821d}</UniqueIdentifier>
    </Filter>
    <Filter Include="AndroidPackaging\app\src\main\res\mipmap-hdpi">
      <UniqueIdentifier>{edc05d3b-e578-4b3e-976e-9360b13ffadd}</UniqueIdentifier>
    </Filter>
    <Filter Include="AndroidPackaging\app\src\main\res\mipmap-mdpi">
      <UniqueIdentifier>{208c9ffc-3c77-486b-852d-69afd30ce64d}</UniqueIdentifier>
    </Filter>
    <Filter Include="AndroidPackaging\app\src\main\res\mipmap-xhdpi">
      <UniqueIdentifier>{947eadd3-d2b8-4f50-9358-207f7dd1e5eb}</UniqueIdentifier>
    </Filter>
    <Filter Include="AndroidPackaging\app\src\main\res\mipmap-xxhdpi">
      <UniqueIdentifier>{4060ecdf-e557-4622-8734-f01de7fafb94}</UniqueIdentifier>
    </Filter>
    <Filter Include="AndroidPackaging\app\src\main\res\mipmap-xxxhdpi">
      <UniqueIdentifier>{c321657e-4d75-4fc8-a0c9-72d6dd67fb8a}</UniqueIdentifier>
    </Filter>
    <Filter Include="AndroidPackaging\app\src\main\res\values">
      <UniqueIdentifier>{db37055e-4c41-466a-8379-06fb844d79a7}</UniqueIdentifier>
    </Filter>
    <Filter Include="AndroidPackaging\app\src\test">
      <UniqueIdentifier>{aa3dd74c-541b-4f0e-bb03-89e8f609105f}</UniqueIdentifier>
    </Filter>
    <Filter Include="AndroidPackaging\app\src\test\java">
      <UniqueIdentifier>{349e5a9d-5e49-4997-81ab-511a23d01292}</UniqueIdentifier>
    </Filter>
    <Filter Include="AndroidPackaging\app\src\test\java\com">
      <UniqueIdentifier>{8ee4cc7c-1f3e-4505-b551-3a5a6b090938}</UniqueIdentifier>
    </Filter>
    <Filter Include="AndroidPackaging\app\src\test\java\com\example">
      <UniqueIdentifier>{e5b75f48-e2b7-44f8-8fad-a16d7676a463}</UniqueIdentifier>
    </Filter>
    <Filter Include="AndroidPackaging\app\src\test\java\com\example\teleportvrquestclientagde">
      <UniqueIdentifier>{a92f791d-bc64-4917-9910-6b3e604cf6e1}</UniqueIdentifier>
    </Filter>
  </ItemGroup>
  <ItemGroup>
    <ClCompile Include="..\..\AndroidClient\redist\android\native_app_glue\android_native_app_glue.c">
      <Filter>Source Files</Filter>
    </ClCompile>
    <ClCompile Include="..\..\AndroidClient\AndroidOpenXR.cpp">
      <Filter>Source Files</Filter>
    </ClCompile>
    <ClCompile Include="..\..\AndroidClient\AndroidRenderer.cpp">
      <Filter>Source Files</Filter>
    </ClCompile>
    <ClCompile Include="..\..\AndroidClient\CmdBuffer.cpp">
      <Filter>Source Files</Filter>
    </ClCompile>
    <ClCompile Include="..\..\AndroidClient\FileLoader.cpp">
      <Filter>Source Files</Filter>
    </ClCompile>
    <ClCompile Include="..\..\AndroidClient\main.cpp">
      <Filter>Source Files</Filter>
    </ClCompile>
    <ClCompile Include="..\..\AndroidClient\AndroidDiscoveryService.cpp">
      <Filter>Source Files</Filter>
    </ClCompile>
    <ClCompile Include="..\..\AndroidClient\VideoDecoderBackend.cpp">
      <Filter>Source Files</Filter>
    </ClCompile>
    <ClCompile Include="..\..\AndroidClient\NdkVideoDecoder.cpp">
      <Filter>Source Files</Filter>
    </ClCompile>
    <ClCompile Include="..\..\ClientApp\ClientApp.cpp">
      <Filter>Source Files</Filter>
    </ClCompile>
  </ItemGroup>
  <ItemGroup>
    <ClInclude Include="..\..\AndroidClient\AndroidOpenXR.h">
      <Filter>Header Files</Filter>
    </ClInclude>
    <ClInclude Include="..\..\AndroidClient\AndroidRenderer.h">
      <Filter>Header Files</Filter>
    </ClInclude>
    <ClInclude Include="..\..\AndroidClient\CmdBuffer.h">
      <Filter>Header Files</Filter>
    </ClInclude>
    <ClInclude Include="..\..\AndroidClient\FileLoader.h">
      <Filter>Header Files</Filter>
    </ClInclude>
    <ClInclude Include="..\..\AndroidClient\redist\android\native_app_glue\android_native_app_glue.h">
      <Filter>Header Files</Filter>
    </ClInclude>
    <ClInclude Include="..\..\AndroidClient\AndroidDiscoveryService.h">
      <Filter>Header Files</Filter>
    </ClInclude>
    <ClInclude Include="..\..\AndroidClient\VideoDecoderBackend.h">
      <Filter>Header Files</Filter>
    </ClInclude>
    <ClInclude Include="..\..\AndroidClient\NdkVideoDecoder.h">
      <Filter>Header Files</Filter>
    </ClInclude>
    <ClInclude Include="..\..\ClientApp\ClientApp.h">
      <Filter>Header Files</Filter>
    </ClInclude>
  </ItemGroup>
  <ItemGroup>
    <None Include="AndroidPackaging\gradle\wrapper\gradle-wrapper.jar">
      <Filter>AndroidPackaging\gradle\wrapper</Filter>
    </None>
    <None Include="AndroidPackaging\gradle\wrapper\gradle-wrapper.properties">
      <Filter>AndroidPackaging\gradle\wrapper</Filter>
    </None>
    <None Include="AndroidPackaging\build.gradle">
      <Filter>AndroidPackaging</Filter>
    </None>
    <None Include="AndroidPackaging\gradle.properties">
      <Filter>AndroidPackaging</Filter>
    </None>
    <None Include="AndroidPackaging\gradlew">
      <Filter>AndroidPackaging</Filter>
    </None>
    <None Include="AndroidPackaging\gradlew.bat">
      <Filter>AndroidPackaging</Filter>
    </None>
    <None Include="AndroidPackaging\settings.gradle">
      <Filter>AndroidPackaging</Filter>
    </None>
    <None Include="AndroidPackaging\app\src\main\res\drawable\ic_launcher_background.xml">
      <Filter>AndroidPackaging\app\src\main\res\drawable</Filter>
    </None>
    <None Include="AndroidPackaging\app\src\main\res\drawable-v24\ic_launcher_foreground.xml">
      <Filter>AndroidPackaging\app\src\main\res\drawable-v24</Filter>
    </None>
    <None Include="AndroidPackaging\app\src\main\res\layout\activity_main.xml">
      <Filter>AndroidPackaging\app\src\main\res\layout</Filter>
    </None>
    <None Include="AndroidPackaging\app\src\main\res\mipmap-anydpi-v26\ic_launcher.xml">
      <Filter>AndroidPackaging\app\src\main\res\mipmap-anydpi-v26</Filter>
    </None>
    <None Include="AndroidPackaging\app\src\main\res\mipmap-anydpi-v26\ic_launcher_round.xml">
      <Filter>AndroidPackaging\app\src\main\res\mipmap-anydpi-v26</Filter>
    </None>
    <None Include="AndroidPackaging\app\src\main\res\mipmap-hdpi\ic_launcher.png">
      <Filter>AndroidPackaging\app\src\main\res\mipmap-hdpi</Filter>
    </None>
    <None Include="AndroidPackaging\app\src\main\res\mipmap-hdpi\ic_launcher_round.png">
      <Filter>AndroidPackaging\app\src\main\res\mipmap-hdpi</Filter>
    </None>
    <None Include="AndroidPackaging\app\src\main\res\mipmap-mdpi\ic_launcher.png">
      <Filter>AndroidPackaging\app\src\main\res\mipmap-mdpi</Filter>
    </None>
    <None Include="AndroidPackaging\app\src\main\res\mipmap-mdpi\ic_launcher_round.png">
      <Filter>AndroidPackaging\app\src\main\res\mipmap-mdpi</Filter>
    </None>
    <None Include="AndroidPackaging\app\src\main\res\mipmap-xhdpi\ic_launcher.png">
      <Filter>AndroidPackaging\app\src\main\res\mipmap-xhdpi</Filter>
    </None>
    <None Include="AndroidPackaging\app\src\main\res\mipmap-xhdpi\ic_launcher_round.png">
      <Filter>AndroidPackaging\app\src\main\res\mipmap-xhdpi</Filter>
    </None>
    <None Include="AndroidPackaging\app\src\main\res\mipmap-xxhdpi\ic_launcher.png">
      <Filter>AndroidPackaging\app\src\main\res\mipmap-xxhdpi</Filter>
    </None>
    <None Include="AndroidPackaging\app\src\main\res\mipmap-xxhdpi\ic_launcher_round.png">
      <Filter>AndroidPackaging\app\src\main\res\mipmap-xxhdpi</Filter>
    </None>
    <None Include="AndroidPackaging\app\src\main\res\mipmap-xxxhdpi\ic_launcher.png">
      <Filter>AndroidPackaging\app\src\main\res\mipmap-xxxhdpi</Filter>
    </None>
    <None Include="AndroidPackaging\app\src\main\res\mipmap-xxxhdpi\ic_launcher_round.png">
      <Filter>AndroidPackaging\app\src\main\res\mipmap-xxxhdpi</Filter>
    </None>
    <None Include="AndroidPackaging\app\src\main\res\values\colors.xml">
      <Filter>AndroidPackaging\app\src\main\res\values</Filter>
    </None>
    <None Include="AndroidPackaging\app\src\main\res\values\strings.xml">
      <Filter>AndroidPackaging\app\src\main\res\values</Filter>
    </None>
    <None Include="AndroidPackaging\app\src\main\res\values\styles.xml">
      <Filter>AndroidPackaging\app\src\main\res\values</Filter>
    </None>
    <None Include="AndroidPackaging\app\src\main\AndroidManifest.xml">
      <Filter>AndroidPackaging\app\src\main</Filter>
    </None>
    <None Include="AndroidPackaging\app\build.gradle">
      <Filter>AndroidPackaging\app</Filter>
    </None>
    <None Include="AndroidPackaging\app\proguard-rules.pro">
      <Filter>AndroidPackaging\app</Filter>
    </None>
  </ItemGroup>
</Project>