<?xml version="1.0" encoding="utf-8"?>
<Project ToolsVersion="4.0" xmlns="http://schemas.microsoft.com/developer/msbuild/2003">
  <ItemGroup>
    <Filter Include="Source Files">
      <UniqueIdentifier>{2da326ac-bbfd-4b2c-8ac7-a6e10c450bca}</UniqueIdentifier>
    </Filter>
    <Filter Include="Header Files">
      <UniqueIdentifier>{38eda555-3187-46ed-a76d-50f2c9402e4f}</UniqueIdentifier>
    </Filter>
  </ItemGroup>
  <ItemGroup>
    <ClInclude Include="..\..\TeleportAudio\AudioCommon.h" />
    <ClInclude Include="..\..\TeleportAudio\AudioPlayer.h" />
    <ClInclude Include="..\..\TeleportAudio\AudioStreamTarget.h" />
    <ClInclude Include="..\..\TeleportAudio\CustomAudioStreamTarget.h" />
    <ClInclude Include="..\..\TeleportAudio\NetworkPipeline.h" />
    <ClInclude Include="..\..\TeleportAudio\Error.h" />
  </ItemGroup>
  <ItemGroup>
    <ClCompile Include="..\..\TeleportAudio\AudioCommon.cpp" />
    <ClCompile Include="..\..\TeleportAudio\AudioPlayer.cpp" />
    <ClCompile Include="..\..\TeleportAudio\AudioStreamTarget.cpp" />
    <ClCompile Include="..\..\TeleportAudio\CustomAudioStreamTarget.cpp" />
    <ClCompile Include="..\..\TeleportAudio\NetworkPipeline.cpp" />
  </ItemGroup>
</Project>