<?xml version="1.0" encoding="utf-8"?>
<Project ToolsVersion="4.0" xmlns="http://schemas.microsoft.com/developer/msbuild/2003">
  <ItemGroup>
    <Filter Include="Header Files">
      <UniqueIdentifier>{d5a0bd3e-53b8-4c2a-9e7e-95ff45a8fa0b}</UniqueIdentifier>
    </Filter>
    <Filter Include="Source Files">
      <UniqueIdentifier>{591e1a64-9e6f-49fd-984a-8f4f93553dd4}</UniqueIdentifier>
    </Filter>
    <Filter Include="AVParser">
      <UniqueIdentifier>{49661614-d18f-4784-a91c-83da6c7807ff}</UniqueIdentifier>
    </Filter>
  </ItemGroup>
  <ItemGroup>
    <ClCompile Include="..\..\ClientRender\Animation.cpp">
      <Filter>Source Files</Filter>
    </ClCompile>
    <ClCompile Include="..\..\ClientRender\API.cpp">
      <Filter>Source Files</Filter>
    </ClCompile>
    <ClCompile Include="..\..\ClientRender\Bone.cpp">
      <Filter>Source Files</Filter>
    </ClCompile>
    <ClCompile Include="..\..\ClientRender\Camera.cpp">
      <Filter>Source Files</Filter>
    </ClCompile>
    <ClCompile Include="..\..\ClientRender\Common.cpp">
      <Filter>Source Files</Filter>
    </ClCompile>
    <ClCompile Include="..\..\ClientRender\GeometryCache.cpp">
      <Filter>Source Files</Filter>
    </ClCompile>
    <ClCompile Include="..\..\ClientRender\GeometryDecoder.cpp">
      <Filter>Source Files</Filter>
    </ClCompile>
    <ClCompile Include="..\..\ClientRender\Light.cpp">
      <Filter>Source Files</Filter>
    </ClCompile>
    <ClCompile Include="..\..\ClientRender\Material.cpp">
      <Filter>Source Files</Filter>
    </ClCompile>
    <ClCompile Include="..\..\ClientRender\MemoryUtil.cpp">
      <Filter>Source Files</Filter>
    </ClCompile>
    <ClCompile Include="..\..\ClientRender\Node.cpp">
      <Filter>Source Files</Filter>
    </ClCompile>
    <ClCompile Include="..\..\ClientRender\Mesh.cpp">
      <Filter>Source Files</Filter>
    </ClCompile>
    <ClCompile Include="..\..\ClientRender\NodeManager.cpp">
      <Filter>Source Files</Filter>
    </ClCompile>
    <ClCompile Include="..\..\ClientRender\Renderer.cpp">
      <Filter>Source Files</Filter>
    </ClCompile>
    <ClCompile Include="..\..\ClientRender\ResourceCreator.cpp">
      <Filter>Source Files</Filter>
    </ClCompile>
    <ClCompile Include="..\..\ClientRender\ShaderResource.cpp">
      <Filter>Source Files</Filter>
    </ClCompile>
    <ClCompile Include="..\..\ClientRender\Skin.cpp">
      <Filter>Source Files</Filter>
    </ClCompile>
    <ClCompile Include="..\..\ClientRender\Tests.cpp">
      <Filter>Source Files</Filter>
    </ClCompile>
    <ClCompile Include="..\..\ClientRender\Texture.cpp">
      <Filter>Source Files</Filter>
    </ClCompile>
    <ClCompile Include="..\..\ClientRender\Transform.cpp">
      <Filter>Source Files</Filter>
    </ClCompile>
    <ClCompile Include="..\..\ClientRender\UniformBuffer.cpp">
      <Filter>Source Files</Filter>
    </ClCompile>
    <ClCompile Include="..\..\ClientRender\NodeComponents\AnimationComponent.cpp">
      <Filter>Source Files</Filter>
    </ClCompile>
    <ClCompile Include="..\..\ClientRender\NodeComponents\AnimationState.cpp">
      <Filter>Source Files</Filter>
    </ClCompile>
    <ClCompile Include="..\..\ClientRender\NodeComponents\VisibilityComponent.cpp">
      <Filter>Source Files</Filter>
    </ClCompile>
    <ClCompile Include="..\..\ClientRender\IndexBuffer.cpp">
      <Filter>Source Files</Filter>
    </ClCompile>
    <ClCompile Include="..\..\ClientRender\RenderPlatform.cpp">
      <Filter>Source Files</Filter>
    </ClCompile>
    <ClCompile Include="..\..\ClientRender\VertexBuffer.cpp">
      <Filter>Source Files</Filter>
    </ClCompile>
    <ClCompile Include="..\..\ClientRender\Gui.cpp">
      <Filter>Source Files</Filter>
    </ClCompile>
    <ClCompile Include="..\..\ClientRender\AVParser\BitReader.cpp">
      <Filter>AVParser</Filter>
    </ClCompile>
    <ClCompile Include="..\..\ClientRender\AVParser\HevcParser.cpp">
      <Filter>AVParser</Filter>
    </ClCompile>
    <ClCompile Include="..\..\ClientRender\AVParser\Parser.cpp">
      <Filter>AVParser</Filter>
    </ClCompile>
    <ClCompile Include="..\..\ClientRender\VideoDecoder.cpp">
      <Filter>Source Files</Filter>
    </ClCompile>
  </ItemGroup>
  <ItemGroup>
    <ClInclude Include="..\..\ClientRender\Animation.h">
      <Filter>Header Files</Filter>
    </ClInclude>
    <ClInclude Include="..\..\ClientRender\API.h">
      <Filter>Header Files</Filter>
    </ClInclude>
    <ClInclude Include="..\..\ClientRender\Bone.h">
      <Filter>Header Files</Filter>
    </ClInclude>
    <ClInclude Include="..\..\ClientRender\Camera.h">
      <Filter>Header Files</Filter>
    </ClInclude>
    <ClInclude Include="..\..\ClientRender\Common.h">
      <Filter>Header Files</Filter>
    </ClInclude>
    <ClInclude Include="..\..\ClientRender\DeviceContext.h">
      <Filter>Header Files</Filter>
    </ClInclude>
    <ClInclude Include="..\..\ClientRender\GeometryCache.h">
      <Filter>Header Files</Filter>
    </ClInclude>
    <ClInclude Include="..\..\ClientRender\GeometryDecoder.h">
      <Filter>Header Files</Filter>
    </ClInclude>
    <ClInclude Include="..\..\ClientRender\IndexBuffer.h">
      <Filter>Header Files</Filter>
    </ClInclude>
    <ClInclude Include="..\..\ClientRender\Light.h">
      <Filter>Header Files</Filter>
    </ClInclude>
    <ClInclude Include="..\..\ClientRender\Material.h">
      <Filter>Header Files</Filter>
    </ClInclude>
    <ClInclude Include="..\..\ClientRender\MemoryUtil.h">
      <Filter>Header Files</Filter>
    </ClInclude>
    <ClInclude Include="..\..\ClientRender\Mesh.h">
      <Filter>Header Files</Filter>
    </ClInclude>
    <ClInclude Include="..\..\ClientRender\Node.h">
      <Filter>Header Files</Filter>
    </ClInclude>
    <ClInclude Include="..\..\ClientRender\NodeManager.h">
      <Filter>Header Files</Filter>
    </ClInclude>
    <ClInclude Include="..\..\ClientRender\Renderer.h">
      <Filter>Header Files</Filter>
    </ClInclude>
    <ClInclude Include="..\..\ClientRender\RenderPlatform.h">
      <Filter>Header Files</Filter>
    </ClInclude>
    <ClInclude Include="..\..\ClientRender\ResourceCreator.h">
      <Filter>Header Files</Filter>
    </ClInclude>
    <ClInclude Include="..\..\ClientRender\ResourceManager.h">
      <Filter>Header Files</Filter>
    </ClInclude>
    <ClInclude Include="..\..\ClientRender\ShaderResource.h">
      <Filter>Header Files</Filter>
    </ClInclude>
    <ClInclude Include="..\..\ClientRender\ShaderStorageBuffer.h">
      <Filter>Header Files</Filter>
    </ClInclude>
    <ClInclude Include="..\..\ClientRender\VertexBufferLayout.h">
      <Filter>Header Files</Filter>
    </ClInclude>
    <ClInclude Include="..\..\ClientRender\Skin.h">
      <Filter>Header Files</Filter>
    </ClInclude>
    <ClInclude Include="..\..\ClientRender\Tests.h">
      <Filter>Header Files</Filter>
    </ClInclude>
    <ClInclude Include="..\..\ClientRender\Texture.h">
      <Filter>Header Files</Filter>
    </ClInclude>
    <ClInclude Include="..\..\ClientRender\Transform.h">
      <Filter>Header Files</Filter>
    </ClInclude>
    <ClInclude Include="..\..\ClientRender\UniformBuffer.h">
      <Filter>Header Files</Filter>
    </ClInclude>
    <ClInclude Include="..\..\ClientRender\VertexBuffer.h">
      <Filter>Header Files</Filter>
    </ClInclude>
    <ClInclude Include="..\..\ClientRender\NodeComponents\VisibilityComponent.h">
      <Filter>Header Files</Filter>
    </ClInclude>
    <ClInclude Include="..\..\ClientRender\NodeComponents\AnimationComponent.h">
      <Filter>Header Files</Filter>
    </ClInclude>
    <ClInclude Include="..\..\ClientRender\NodeComponents\AnimationState.h">
      <Filter>Header Files</Filter>
    </ClInclude>
    <ClInclude Include="..\..\ClientRender\Gui.h">
      <Filter>Header Files</Filter>
    </ClInclude>
    <ClInclude Include="..\..\ClientRender\AVParser\Parser.h">
      <Filter>AVParser</Filter>
    </ClInclude>
    <ClInclude Include="..\..\ClientRender\AVParser\BitReader.h">
      <Filter>AVParser</Filter>
    </ClInclude>
    <ClInclude Include="..\..\ClientRender\AVParser\H264Types.h">
      <Filter>AVParser</Filter>
    </ClInclude>
    <ClInclude Include="..\..\ClientRender\AVParser\HevcParser.h">
      <Filter>AVParser</Filter>
    </ClInclude>
    <ClInclude Include="..\..\ClientRender\AVParser\HevcTypes.h">
      <Filter>AVParser</Filter>
    </ClInclude>
    <ClInclude Include="..\..\ClientRender\VideoDecoder.h">
      <Filter>Header Files</Filter>
    </ClInclude>
  </ItemGroup>
</Project>